// !$*UTF8*$!
{
	archiveVersion = 1;
	classes = {
	};
	objectVersion = 56;
	objects = {

/* Begin PBXBuildFile section */
		821BD11C2A3EADFE00D66B2D /* RecentTradeRow.swift in Sources */ = {isa = PBXBuildFile; fileRef = 821BD11B2A3EADFE00D66B2D /* RecentTradeRow.swift */; };
		821BD11E2A3EAE9B00D66B2D /* Formatter+Ext.swift in Sources */ = {isa = PBXBuildFile; fileRef = 821BD11D2A3EAE9B00D66B2D /* Formatter+Ext.swift */; };
		821BD1202A3F26D500D66B2D /* RecentTrade.swift in Sources */ = {isa = PBXBuildFile; fileRef = 821BD11F2A3F26D500D66B2D /* RecentTrade.swift */; };
		821BD1242A3F595900D66B2D /* SegmentedPicker.swift in Sources */ = {isa = PBXBuildFile; fileRef = 821BD1232A3F595900D66B2D /* SegmentedPicker.swift */; };
		821BD1262A3F5A1D00D66B2D /* HomeScreen.swift in Sources */ = {isa = PBXBuildFile; fileRef = 821BD1252A3F5A1D00D66B2D /* HomeScreen.swift */; };
		825D20D42A3D83140011A4AC /* Array+Ext.swift in Sources */ = {isa = PBXBuildFile; fileRef = 825D20D32A3D83140011A4AC /* Array+Ext.swift */; };
		825D20DC2A3D92070011A4AC /* OrderBookRow.swift in Sources */ = {isa = PBXBuildFile; fileRef = 825D20DB2A3D92060011A4AC /* OrderBookRow.swift */; };
		825D20DF2A3DA67D0011A4AC /* RecentTradesScreen.swift in Sources */ = {isa = PBXBuildFile; fileRef = 825D20DE2A3DA67D0011A4AC /* RecentTradesScreen.swift */; };
		82CEE9692A38C7CE00EB190D /* OrderBookApp.swift in Sources */ = {isa = PBXBuildFile; fileRef = 82CEE9682A38C7CE00EB190D /* OrderBookApp.swift */; };
		82CEE96B2A38C7CE00EB190D /* OrderBookScreen.swift in Sources */ = {isa = PBXBuildFile; fileRef = 82CEE96A2A38C7CE00EB190D /* OrderBookScreen.swift */; };
		82CEE96D2A38C7D000EB190D /* Assets.xcassets in Resources */ = {isa = PBXBuildFile; fileRef = 82CEE96C2A38C7D000EB190D /* Assets.xcassets */; };
		82CEE9702A38C7D000EB190D /* Preview Assets.xcassets in Resources */ = {isa = PBXBuildFile; fileRef = 82CEE96F2A38C7D000EB190D /* Preview Assets.xcassets */; };
		82E5F6AF2A3B2CD100B9F9D1 /* APIConfig.swift in Sources */ = {isa = PBXBuildFile; fileRef = 82E5F6AE2A3B2CD100B9F9D1 /* APIConfig.swift */; };
		82E5F6B42A3B2F7600B9F9D1 /* WebSocketRepository.swift in Sources */ = {isa = PBXBuildFile; fileRef = 82E5F6B32A3B2F7600B9F9D1 /* WebSocketRepository.swift */; };
		82E5F6B62A3B308A00B9F9D1 /* Endpoints.swift in Sources */ = {isa = PBXBuildFile; fileRef = 82E5F6B52A3B308A00B9F9D1 /* Endpoints.swift */; };
		82E5F6B92A3B42B900B9F9D1 /* OrderBook.swift in Sources */ = {isa = PBXBuildFile; fileRef = 82E5F6B82A3B42B900B9F9D1 /* OrderBook.swift */; };
/* End PBXBuildFile section */

/* Begin PBXFileReference section */
		821BD11B2A3EADFE00D66B2D /* RecentTradeRow.swift */ = {isa = PBXFileReference; lastKnownFileType = sourcecode.swift; path = RecentTradeRow.swift; sourceTree = "<group>"; };
		821BD11D2A3EAE9B00D66B2D /* Formatter+Ext.swift */ = {isa = PBXFileReference; lastKnownFileType = sourcecode.swift; path = "Formatter+Ext.swift"; sourceTree = "<group>"; };
		821BD11F2A3F26D500D66B2D /* RecentTrade.swift */ = {isa = PBXFileReference; lastKnownFileType = sourcecode.swift; path = RecentTrade.swift; sourceTree = "<group>"; };
		821BD1232A3F595900D66B2D /* SegmentedPicker.swift */ = {isa = PBXFileReference; lastKnownFileType = sourcecode.swift; path = SegmentedPicker.swift; sourceTree = "<group>"; };
		821BD1252A3F5A1D00D66B2D /* HomeScreen.swift */ = {isa = PBXFileReference; lastKnownFileType = sourcecode.swift; path = HomeScreen.swift; sourceTree = "<group>"; };
		825D20D32A3D83140011A4AC /* Array+Ext.swift */ = {isa = PBXFileReference; lastKnownFileType = sourcecode.swift; path = "Array+Ext.swift"; sourceTree = "<group>"; };
		825D20DB2A3D92060011A4AC /* OrderBookRow.swift */ = {isa = PBXFileReference; lastKnownFileType = sourcecode.swift; path = OrderBookRow.swift; sourceTree = "<group>"; };
		825D20DE2A3DA67D0011A4AC /* RecentTradesScreen.swift */ = {isa = PBXFileReference; lastKnownFileType = sourcecode.swift; path = RecentTradesScreen.swift; sourceTree = "<group>"; };
		82CEE9652A38C7CE00EB190D /* OrderBook.app */ = {isa = PBXFileReference; explicitFileType = wrapper.application; includeInIndex = 0; path = OrderBook.app; sourceTree = BUILT_PRODUCTS_DIR; };
		82CEE9682A38C7CE00EB190D /* OrderBookApp.swift */ = {isa = PBXFileReference; lastKnownFileType = sourcecode.swift; path = OrderBookApp.swift; sourceTree = "<group>"; };
		82CEE96A2A38C7CE00EB190D /* OrderBookScreen.swift */ = {isa = PBXFileReference; lastKnownFileType = sourcecode.swift; path = OrderBookScreen.swift; sourceTree = "<group>"; };
		82CEE96C2A38C7D000EB190D /* Assets.xcassets */ = {isa = PBXFileReference; lastKnownFileType = folder.assetcatalog; path = Assets.xcassets; sourceTree = "<group>"; };
		82CEE96F2A38C7D000EB190D /* Preview Assets.xcassets */ = {isa = PBXFileReference; lastKnownFileType = folder.assetcatalog; path = "Preview Assets.xcassets"; sourceTree = "<group>"; };
		82E5F6AC2A3B2A4700B9F9D1 /* Info.plist */ = {isa = PBXFileReference; lastKnownFileType = text.plist; path = Info.plist; sourceTree = "<group>"; };
		82E5F6AD2A3B2C1500B9F9D1 /* Config.xcconfig */ = {isa = PBXFileReference; lastKnownFileType = text.xcconfig; path = Config.xcconfig; sourceTree = "<group>"; };
		82E5F6AE2A3B2CD100B9F9D1 /* APIConfig.swift */ = {isa = PBXFileReference; lastKnownFileType = sourcecode.swift; path = APIConfig.swift; sourceTree = "<group>"; };
		82E5F6B32A3B2F7600B9F9D1 /* WebSocketRepository.swift */ = {isa = PBXFileReference; lastKnownFileType = sourcecode.swift; path = WebSocketRepository.swift; sourceTree = "<group>"; };
		82E5F6B52A3B308A00B9F9D1 /* Endpoints.swift */ = {isa = PBXFileReference; lastKnownFileType = sourcecode.swift; path = Endpoints.swift; sourceTree = "<group>"; };
		82E5F6B82A3B42B900B9F9D1 /* OrderBook.swift */ = {isa = PBXFileReference; lastKnownFileType = sourcecode.swift; path = OrderBook.swift; sourceTree = "<group>"; };
/* End PBXFileReference section */

/* Begin PBXFrameworksBuildPhase section */
		82CEE9622A38C7CE00EB190D /* Frameworks */ = {
			isa = PBXFrameworksBuildPhase;
			buildActionMask = 2147483647;
			files = (
			);
			runOnlyForDeploymentPostprocessing = 0;
		};
/* End PBXFrameworksBuildPhase section */

/* Begin PBXGroup section */
		821BD11A2A3EADED00D66B2D /* Components */ = {
			isa = PBXGroup;
			children = (
				821BD11B2A3EADFE00D66B2D /* RecentTradeRow.swift */,
			);
			path = Components;
			sourceTree = "<group>";
		};
		821BD1212A3F594300D66B2D /* Home */ = {
			isa = PBXGroup;
			children = (
				821BD1222A3F595000D66B2D /* Components */,
				821BD1252A3F5A1D00D66B2D /* HomeScreen.swift */,
			);
			path = Home;
			sourceTree = "<group>";
		};
		821BD1222A3F595000D66B2D /* Components */ = {
			isa = PBXGroup;
			children = (
				821BD1232A3F595900D66B2D /* SegmentedPicker.swift */,
			);
			path = Components;
			sourceTree = "<group>";
		};
		825D20D22A3D83080011A4AC /* Extensions */ = {
			isa = PBXGroup;
			children = (
				825D20D32A3D83140011A4AC /* Array+Ext.swift */,
				821BD11D2A3EAE9B00D66B2D /* Formatter+Ext.swift */,
			);
			path = Extensions;
			sourceTree = "<group>";
		};
		825D20D82A3D91D50011A4AC /* Views */ = {
			isa = PBXGroup;
			children = (
				821BD1212A3F594300D66B2D /* Home */,
				82CEE9682A38C7CE00EB190D /* OrderBookApp.swift */,
				825D20DD2A3DA66C0011A4AC /* RecentTrades */,
				825D20D92A3D91E00011A4AC /* OrderBook */,
			);
			path = Views;
			sourceTree = "<group>";
		};
		825D20D92A3D91E00011A4AC /* OrderBook */ = {
			isa = PBXGroup;
			children = (
				825D20DA2A3D91E80011A4AC /* Components */,
				82CEE96A2A38C7CE00EB190D /* OrderBookScreen.swift */,
			);
			path = OrderBook;
			sourceTree = "<group>";
		};
		825D20DA2A3D91E80011A4AC /* Components */ = {
			isa = PBXGroup;
			children = (
				825D20DB2A3D92060011A4AC /* OrderBookRow.swift */,
			);
			path = Components;
			sourceTree = "<group>";
		};
		825D20DD2A3DA66C0011A4AC /* RecentTrades */ = {
			isa = PBXGroup;
			children = (
				821BD11A2A3EADED00D66B2D /* Components */,
				825D20DE2A3DA67D0011A4AC /* RecentTradesScreen.swift */,
			);
			path = RecentTrades;
			sourceTree = "<group>";
		};
		825D20E02A3DD1A00011A4AC /* Configs */ = {
			isa = PBXGroup;
			children = (
				82E5F6AD2A3B2C1500B9F9D1 /* Config.xcconfig */,
				82E5F6AE2A3B2CD100B9F9D1 /* APIConfig.swift */,
			);
			path = Configs;
			sourceTree = "<group>";
		};
		825D20E12A3DD1B00011A4AC /* Resources */ = {
			isa = PBXGroup;
			children = (
				82CEE96C2A38C7D000EB190D /* Assets.xcassets */,
				82CEE96E2A38C7D000EB190D /* Preview Content */,
			);
			path = Resources;
			sourceTree = "<group>";
		};
		82CEE95C2A38C7CE00EB190D = {
			isa = PBXGroup;
			children = (
				82CEE9672A38C7CE00EB190D /* OrderBook */,
				82CEE9662A38C7CE00EB190D /* Products */,
			);
			sourceTree = "<group>";
		};
		82CEE9662A38C7CE00EB190D /* Products */ = {
			isa = PBXGroup;
			children = (
				82CEE9652A38C7CE00EB190D /* OrderBook.app */,
			);
			name = Products;
			sourceTree = "<group>";
		};
		82CEE9672A38C7CE00EB190D /* OrderBook */ = {
			isa = PBXGroup;
			children = (
				825D20D22A3D83080011A4AC /* Extensions */,
				82E5F6B72A3B42B100B9F9D1 /* Models */,
				82E5F6B02A3B2E5400B9F9D1 /* Repositories */,
				82E5F6AC2A3B2A4700B9F9D1 /* Info.plist */,
				825D20D82A3D91D50011A4AC /* Views */,
				825D20E12A3DD1B00011A4AC /* Resources */,
				825D20E02A3DD1A00011A4AC /* Configs */,
			);
			path = OrderBook;
			sourceTree = "<group>";
		};
		82CEE96E2A38C7D000EB190D /* Preview Content */ = {
			isa = PBXGroup;
			children = (
				82CEE96F2A38C7D000EB190D /* Preview Assets.xcassets */,
			);
			path = "Preview Content";
			sourceTree = "<group>";
		};
		82E5F6B02A3B2E5400B9F9D1 /* Repositories */ = {
			isa = PBXGroup;
			children = (
				82E5F6B32A3B2F7600B9F9D1 /* WebSocketRepository.swift */,
				82E5F6B52A3B308A00B9F9D1 /* Endpoints.swift */,
			);
			path = Repositories;
			sourceTree = "<group>";
		};
		82E5F6B72A3B42B100B9F9D1 /* Models */ = {
			isa = PBXGroup;
			children = (
				82E5F6B82A3B42B900B9F9D1 /* OrderBook.swift */,
				821BD11F2A3F26D500D66B2D /* RecentTrade.swift */,
			);
			path = Models;
			sourceTree = "<group>";
		};
/* End PBXGroup section */

/* Begin PBXNativeTarget section */
		82CEE9642A38C7CE00EB190D /* OrderBook */ = {
			isa = PBXNativeTarget;
			buildConfigurationList = 82CEE9732A38C7D000EB190D /* Build configuration list for PBXNativeTarget "OrderBook" */;
			buildPhases = (
				82CEE9612A38C7CE00EB190D /* Sources */,
				82CEE9622A38C7CE00EB190D /* Frameworks */,
				82CEE9632A38C7CE00EB190D /* Resources */,
			);
			buildRules = (
			);
			dependencies = (
			);
			name = OrderBook;
			productName = OrderBook;
			productReference = 82CEE9652A38C7CE00EB190D /* OrderBook.app */;
			productType = "com.apple.product-type.application";
		};
/* End PBXNativeTarget section */

/* Begin PBXProject section */
		82CEE95D2A38C7CE00EB190D /* Project object */ = {
			isa = PBXProject;
			attributes = {
				BuildIndependentTargetsInParallel = 1;
				LastSwiftUpdateCheck = 1420;
				LastUpgradeCheck = 1420;
				TargetAttributes = {
					82CEE9642A38C7CE00EB190D = {
						CreatedOnToolsVersion = 14.2;
					};
				};
			};
			buildConfigurationList = 82CEE9602A38C7CE00EB190D /* Build configuration list for PBXProject "OrderBook" */;
			compatibilityVersion = "Xcode 14.0";
			developmentRegion = en;
			hasScannedForEncodings = 0;
			knownRegions = (
				en,
				Base,
			);
			mainGroup = 82CEE95C2A38C7CE00EB190D;
			productRefGroup = 82CEE9662A38C7CE00EB190D /* Products */;
			projectDirPath = "";
			projectRoot = "";
			targets = (
				82CEE9642A38C7CE00EB190D /* OrderBook */,
			);
		};
/* End PBXProject section */

/* Begin PBXResourcesBuildPhase section */
		82CEE9632A38C7CE00EB190D /* Resources */ = {
			isa = PBXResourcesBuildPhase;
			buildActionMask = 2147483647;
			files = (
				82CEE9702A38C7D000EB190D /* Preview Assets.xcassets in Resources */,
				82CEE96D2A38C7D000EB190D /* Assets.xcassets in Resources */,
			);
			runOnlyForDeploymentPostprocessing = 0;
		};
/* End PBXResourcesBuildPhase section */

/* Begin PBXSourcesBuildPhase section */
		82CEE9612A38C7CE00EB190D /* Sources */ = {
			isa = PBXSourcesBuildPhase;
			buildActionMask = 2147483647;
			files = (
				82CEE96B2A38C7CE00EB190D /* OrderBookScreen.swift in Sources */,
				821BD1242A3F595900D66B2D /* SegmentedPicker.swift in Sources */,
				821BD1262A3F5A1D00D66B2D /* HomeScreen.swift in Sources */,
				821BD1202A3F26D500D66B2D /* RecentTrade.swift in Sources */,
				82E5F6B92A3B42B900B9F9D1 /* OrderBook.swift in Sources */,
				82E5F6B42A3B2F7600B9F9D1 /* WebSocketRepository.swift in Sources */,
				821BD11E2A3EAE9B00D66B2D /* Formatter+Ext.swift in Sources */,
				82CEE9692A38C7CE00EB190D /* OrderBookApp.swift in Sources */,
				821BD11C2A3EADFE00D66B2D /* RecentTradeRow.swift in Sources */,
				82E5F6AF2A3B2CD100B9F9D1 /* APIConfig.swift in Sources */,
				825D20DF2A3DA67D0011A4AC /* RecentTradesScreen.swift in Sources */,
				825D20D42A3D83140011A4AC /* Array+Ext.swift in Sources */,
				82E5F6B62A3B308A00B9F9D1 /* Endpoints.swift in Sources */,
				825D20DC2A3D92070011A4AC /* OrderBookRow.swift in Sources */,
			);
			runOnlyForDeploymentPostprocessing = 0;
		};
/* End PBXSourcesBuildPhase section */

/* Begin XCBuildConfiguration section */
		82CEE9712A38C7D000EB190D /* Debug */ = {
			isa = XCBuildConfiguration;
			baseConfigurationReference = 82E5F6AD2A3B2C1500B9F9D1 /* Config.xcconfig */;
			buildSettings = {
				ALWAYS_SEARCH_USER_PATHS = NO;
				CLANG_ANALYZER_NONNULL = YES;
				CLANG_ANALYZER_NUMBER_OBJECT_CONVERSION = YES_AGGRESSIVE;
				CLANG_CXX_LANGUAGE_STANDARD = "gnu++20";
				CLANG_ENABLE_MODULES = YES;
				CLANG_ENABLE_OBJC_ARC = YES;
				CLANG_ENABLE_OBJC_WEAK = YES;
				CLANG_WARN_BLOCK_CAPTURE_AUTORELEASING = YES;
				CLANG_WARN_BOOL_CONVERSION = YES;
				CLANG_WARN_COMMA = YES;
				CLANG_WARN_CONSTANT_CONVERSION = YES;
				CLANG_WARN_DEPRECATED_OBJC_IMPLEMENTATIONS = YES;
				CLANG_WARN_DIRECT_OBJC_ISA_USAGE = YES_ERROR;
				CLANG_WARN_DOCUMENTATION_COMMENTS = YES;
				CLANG_WARN_EMPTY_BODY = YES;
				CLANG_WARN_ENUM_CONVERSION = YES;
				CLANG_WARN_INFINITE_RECURSION = YES;
				CLANG_WARN_INT_CONVERSION = YES;
				CLANG_WARN_NON_LITERAL_NULL_CONVERSION = YES;
				CLANG_WARN_OBJC_IMPLICIT_RETAIN_SELF = YES;
				CLANG_WARN_OBJC_LITERAL_CONVERSION = YES;
				CLANG_WARN_OBJC_ROOT_CLASS = YES_ERROR;
				CLANG_WARN_QUOTED_INCLUDE_IN_FRAMEWORK_HEADER = YES;
				CLANG_WARN_RANGE_LOOP_ANALYSIS = YES;
				CLANG_WARN_STRICT_PROTOTYPES = YES;
				CLANG_WARN_SUSPICIOUS_MOVE = YES;
				CLANG_WARN_UNGUARDED_AVAILABILITY = YES_AGGRESSIVE;
				CLANG_WARN_UNREACHABLE_CODE = YES;
				CLANG_WARN__DUPLICATE_METHOD_MATCH = YES;
				COPY_PHASE_STRIP = NO;
				DEBUG_INFORMATION_FORMAT = dwarf;
				ENABLE_STRICT_OBJC_MSGSEND = YES;
				ENABLE_TESTABILITY = YES;
				GCC_C_LANGUAGE_STANDARD = gnu11;
				GCC_DYNAMIC_NO_PIC = NO;
				GCC_NO_COMMON_BLOCKS = YES;
				GCC_OPTIMIZATION_LEVEL = 0;
				GCC_PREPROCESSOR_DEFINITIONS = (
					"DEBUG=1",
					"$(inherited)",
				);
				GCC_WARN_64_TO_32_BIT_CONVERSION = YES;
				GCC_WARN_ABOUT_RETURN_TYPE = YES_ERROR;
				GCC_WARN_UNDECLARED_SELECTOR = YES;
				GCC_WARN_UNINITIALIZED_AUTOS = YES_AGGRESSIVE;
				GCC_WARN_UNUSED_FUNCTION = YES;
				GCC_WARN_UNUSED_VARIABLE = YES;
				IPHONEOS_DEPLOYMENT_TARGET = 16.2;
				MTL_ENABLE_DEBUG_INFO = INCLUDE_SOURCE;
				MTL_FAST_MATH = YES;
				ONLY_ACTIVE_ARCH = YES;
				SDKROOT = iphoneos;
				SWIFT_ACTIVE_COMPILATION_CONDITIONS = DEBUG;
				SWIFT_OPTIMIZATION_LEVEL = "-Onone";
			};
			name = Debug;
		};
		82CEE9722A38C7D000EB190D /* Release */ = {
			isa = XCBuildConfiguration;
			baseConfigurationReference = 82E5F6AD2A3B2C1500B9F9D1 /* Config.xcconfig */;
			buildSettings = {
				ALWAYS_SEARCH_USER_PATHS = NO;
				CLANG_ANALYZER_NONNULL = YES;
				CLANG_ANALYZER_NUMBER_OBJECT_CONVERSION = YES_AGGRESSIVE;
				CLANG_CXX_LANGUAGE_STANDARD = "gnu++20";
				CLANG_ENABLE_MODULES = YES;
				CLANG_ENABLE_OBJC_ARC = YES;
				CLANG_ENABLE_OBJC_WEAK = YES;
				CLANG_WARN_BLOCK_CAPTURE_AUTORELEASING = YES;
				CLANG_WARN_BOOL_CONVERSION = YES;
				CLANG_WARN_COMMA = YES;
				CLANG_WARN_CONSTANT_CONVERSION = YES;
				CLANG_WARN_DEPRECATED_OBJC_IMPLEMENTATIONS = YES;
				CLANG_WARN_DIRECT_OBJC_ISA_USAGE = YES_ERROR;
				CLANG_WARN_DOCUMENTATION_COMMENTS = YES;
				CLANG_WARN_EMPTY_BODY = YES;
				CLANG_WARN_ENUM_CONVERSION = YES;
				CLANG_WARN_INFINITE_RECURSION = YES;
				CLANG_WARN_INT_CONVERSION = YES;
				CLANG_WARN_NON_LITERAL_NULL_CONVERSION = YES;
				CLANG_WARN_OBJC_IMPLICIT_RETAIN_SELF = YES;
				CLANG_WARN_OBJC_LITERAL_CONVERSION = YES;
				CLANG_WARN_OBJC_ROOT_CLASS = YES_ERROR;
				CLANG_WARN_QUOTED_INCLUDE_IN_FRAMEWORK_HEADER = YES;
				CLANG_WARN_RANGE_LOOP_ANALYSIS = YES;
				CLANG_WARN_STRICT_PROTOTYPES = YES;
				CLANG_WARN_SUSPICIOUS_MOVE = YES;
				CLANG_WARN_UNGUARDED_AVAILABILITY = YES_AGGRESSIVE;
				CLANG_WARN_UNREACHABLE_CODE = YES;
				CLANG_WARN__DUPLICATE_METHOD_MATCH = YES;
				COPY_PHASE_STRIP = NO;
				DEBUG_INFORMATION_FORMAT = "dwarf-with-dsym";
				ENABLE_NS_ASSERTIONS = NO;
				ENABLE_STRICT_OBJC_MSGSEND = YES;
				GCC_C_LANGUAGE_STANDARD = gnu11;
				GCC_NO_COMMON_BLOCKS = YES;
				GCC_WARN_64_TO_32_BIT_CONVERSION = YES;
				GCC_WARN_ABOUT_RETURN_TYPE = YES_ERROR;
				GCC_WARN_UNDECLARED_SELECTOR = YES;
				GCC_WARN_UNINITIALIZED_AUTOS = YES_AGGRESSIVE;
				GCC_WARN_UNUSED_FUNCTION = YES;
				GCC_WARN_UNUSED_VARIABLE = YES;
				IPHONEOS_DEPLOYMENT_TARGET = 16.2;
				MTL_ENABLE_DEBUG_INFO = NO;
				MTL_FAST_MATH = YES;
				SDKROOT = iphoneos;
				SWIFT_COMPILATION_MODE = wholemodule;
				SWIFT_OPTIMIZATION_LEVEL = "-O";
				VALIDATE_PRODUCT = YES;
			};
			name = Release;
		};
		82CEE9742A38C7D000EB190D /* Debug */ = {
			isa = XCBuildConfiguration;
			buildSettings = {
				ASSETCATALOG_COMPILER_APPICON_NAME = AppIcon;
				ASSETCATALOG_COMPILER_GLOBAL_ACCENT_COLOR_NAME = AccentColor;
				CODE_SIGN_STYLE = Automatic;
				CURRENT_PROJECT_VERSION = 1;
				DEVELOPMENT_ASSET_PATHS = "\"OrderBook/Resources/Preview Content\"";
				DEVELOPMENT_TEAM = DS8DA7YN5X;
				ENABLE_PREVIEWS = YES;
				GENERATE_INFOPLIST_FILE = YES;
				INFOPLIST_FILE = OrderBook/Info.plist;
				INFOPLIST_KEY_UIApplicationSceneManifest_Generation = YES;
				INFOPLIST_KEY_UIApplicationSupportsIndirectInputEvents = YES;
				INFOPLIST_KEY_UILaunchScreen_Generation = YES;
				INFOPLIST_KEY_UISupportedInterfaceOrientations_iPad = "UIInterfaceOrientationPortrait UIInterfaceOrientationPortraitUpsideDown UIInterfaceOrientationLandscapeLeft UIInterfaceOrientationLandscapeRight";
				INFOPLIST_KEY_UISupportedInterfaceOrientations_iPhone = "UIInterfaceOrientationPortrait UIInterfaceOrientationLandscapeLeft UIInterfaceOrientationLandscapeRight";
				IPHONEOS_DEPLOYMENT_TARGET = 15.0;
				LD_RUNPATH_SEARCH_PATHS = (
					"$(inherited)",
					"@executable_path/Frameworks",
				);
				MARKETING_VERSION = 1.0;
				PRODUCT_BUNDLE_IDENTIFIER = io.github.mryusuf.OrderBook;
				PRODUCT_NAME = "$(TARGET_NAME)";
				SWIFT_EMIT_LOC_STRINGS = YES;
				SWIFT_VERSION = 5.0;
				TARGETED_DEVICE_FAMILY = "1,2";
			};
			name = Debug;
		};
		82CEE9752A38C7D000EB190D /* Release */ = {
			isa = XCBuildConfiguration;
			buildSettings = {
				ASSETCATALOG_COMPILER_APPICON_NAME = AppIcon;
				ASSETCATALOG_COMPILER_GLOBAL_ACCENT_COLOR_NAME = AccentColor;
				CODE_SIGN_STYLE = Automatic;
				CURRENT_PROJECT_VERSION = 1;
				DEVELOPMENT_ASSET_PATHS = "\"OrderBook/Resources/Preview Content\"";
				DEVELOPMENT_TEAM = DS8DA7YN5X;
				ENABLE_PREVIEWS = YES;
				GENERATE_INFOPLIST_FILE = YES;
				INFOPLIST_FILE = OrderBook/Info.plist;
				INFOPLIST_KEY_UIApplicationSceneManifest_Generation = YES;
				INFOPLIST_KEY_UIApplicationSupportsIndirectInputEvents = YES;
				INFOPLIST_KEY_UILaunchScreen_Generation = YES;
				INFOPLIST_KEY_UISupportedInterfaceOrientations_iPad = "UIInterfaceOrientationPortrait UIInterfaceOrientationPortraitUpsideDown UIInterfaceOrientationLandscapeLeft UIInterfaceOrientationLandscapeRight";
				INFOPLIST_KEY_UISupportedInterfaceOrientations_iPhone = "UIInterfaceOrientationPortrait UIInterfaceOrientationLandscapeLeft UIInterfaceOrientationLandscapeRight";
				IPHONEOS_DEPLOYMENT_TARGET = 15.0;
				LD_RUNPATH_SEARCH_PATHS = (
					"$(inherited)",
					"@executable_path/Frameworks",
				);
				MARKETING_VERSION = 1.0;
				PRODUCT_BUNDLE_IDENTIFIER = io.github.mryusuf.OrderBook;
				PRODUCT_NAME = "$(TARGET_NAME)";
				SWIFT_EMIT_LOC_STRINGS = YES;
				SWIFT_VERSION = 5.0;
				TARGETED_DEVICE_FAMILY = "1,2";
			};
			name = Release;
		};
/* End XCBuildConfiguration section */

/* Begin XCConfigurationList section */
		82CEE9602A38C7CE00EB190D /* Build configuration list for PBXProject "OrderBook" */ = {
			isa = XCConfigurationList;
			buildConfigurations = (
				82CEE9712A38C7D000EB190D /* Debug */,
				82CEE9722A38C7D000EB190D /* Release */,
			);
			defaultConfigurationIsVisible = 0;
			defaultConfigurationName = Release;
		};
		82CEE9732A38C7D000EB190D /* Build configuration list for PBXNativeTarget "OrderBook" */ = {
			isa = XCConfigurationList;
			buildConfigurations = (
				82CEE9742A38C7D000EB190D /* Debug */,
				82CEE9752A38C7D000EB190D /* Release */,
			);
			defaultConfigurationIsVisible = 0;
			defaultConfigurationName = Release;
		};
/* End XCConfigurationList section */
	};
	rootObject = 82CEE95D2A38C7CE00EB190D /* Project object */;
}
